
Microsoft Visual Studio Solution File, Format Version 12.00
# Visual Studio Version 16
VisualStudioVersion = 16.0.30225.117
MinimumVisualStudioVersion = 10.0.40219.1
Project("{9A19103F-16F7-4668-BE54-9A1E7A4F7556}") = "Base.Serverless.Api", "Base.Serverless.Api\Base.Serverless.Api.csproj", "{8F7351E0-8CF3-4DA8-828C-FE678437D671}"
EndProject
Project("{9A19103F-16F7-4668-BE54-9A1E7A4F7556}") = "Base.Serverless.Tests", "Base.Serverless.Api.Tests\Base.Serverless.Tests.csproj", "{15267597-6764-44C8-995A-0285AB114E48}"
EndProject
Project("{FAE04EC0-301F-11D3-BF4B-00C04F79EFBC}") = "Base.Serverless.Domain", "Base.Serverless.Domain\Base.Serverless.Domain.csproj", "{D16BA494-9369-4792-B5C4-11CDD4B6B4AA}"
EndProject
Project("{FAE04EC0-301F-11D3-BF4B-00C04F79EFBC}") = "Base.Serverless.Infrastructure", "Base.Serverless.Infrastructure\Base.Serverless.Infrastructure.csproj", "{B3CDD525-22E1-49D5-A960-CEAF7F5CCB78}"
EndProject
Global
	GlobalSection(SolutionConfigurationPlatforms) = preSolution
		Debug|Any CPU = Debug|Any CPU
		Release|Any CPU = Release|Any CPU
	EndGlobalSection
	GlobalSection(ProjectConfigurationPlatforms) = postSolution
		{8F7351E0-8CF3-4DA8-828C-FE678437D671}.Debug|Any CPU.ActiveCfg = Debug|Any CPU
		{8F7351E0-8CF3-4DA8-828C-FE678437D671}.Debug|Any CPU.Build.0 = Debug|Any CPU
		{8F7351E0-8CF3-4DA8-828C-FE678437D671}.Release|Any CPU.ActiveCfg = Release|Any CPU
		{8F7351E0-8CF3-4DA8-828C-FE678437D671}.Release|Any CPU.Build.0 = Release|Any CPU
		{15267597-6764-44C8-995A-0285AB114E48}.Debug|Any CPU.ActiveCfg = Debug|Any CPU
		{15267597-6764-44C8-995A-0285AB114E48}.Debug|Any CPU.Build.0 = Debug|Any CPU
		{15267597-6764-44C8-995A-0285AB114E48}.Release|Any CPU.ActiveCfg = Release|Any CPU
		{15267597-6764-44C8-995A-0285AB114E48}.Release|Any CPU.Build.0 = Release|Any CPU
		{D16BA494-9369-4792-B5C4-11CDD4B6B4AA}.Debug|Any CPU.ActiveCfg = Debug|Any CPU
		{D16BA494-9369-4792-B5C4-11CDD4B6B4AA}.Debug|Any CPU.Build.0 = Debug|Any CPU
		{D16BA494-9369-4792-B5C4-11CDD4B6B4AA}.Release|Any CPU.ActiveCfg = Release|Any CPU
		{D16BA494-9369-4792-B5C4-11CDD4B6B4AA}.Release|Any CPU.Build.0 = Release|Any CPU
		{B3CDD525-22E1-49D5-A960-CEAF7F5CCB78}.Debug|Any CPU.ActiveCfg = Debug|Any CPU
		{B3CDD525-22E1-49D5-A960-CEAF7F5CCB78}.Debug|Any CPU.Build.0 = Debug|Any CPU
		{B3CDD525-22E1-49D5-A960-CEAF7F5CCB78}.Release|Any CPU.ActiveCfg = Release|Any CPU
		{B3CDD525-22E1-49D5-A960-CEAF7F5CCB78}.Release|Any CPU.Build.0 = Release|Any CPU
	EndGlobalSection
	GlobalSection(SolutionProperties) = preSolution
		HideSolutionNode = FALSE
	EndGlobalSection
	GlobalSection(ExtensibilityGlobals) = postSolution
		SolutionGuid = {62FB6956-A573-421D-8163-B6784411BFDA}
	EndGlobalSection
EndGlobal
